
Microsoft Visual Studio Solution File, Format Version 12.00
# Visual Studio Version 16
VisualStudioVersion = 16.0.30413.136
MinimumVisualStudioVersion = 10.0.40219.1
Project("{151D2E53-A2C4-4D7D-83FE-D05416EBD58E}") = "Trainingdevops", "Trainingdevops\Trainingdevops.deployproj", "{5696147F-A118-4928-99AE-88DE263B79E2}"
EndProject
Global
	GlobalSection(SolutionConfigurationPlatforms) = preSolution
		Debug|Any CPU = Debug|Any CPU
		Release|Any CPU = Release|Any CPU
	EndGlobalSection
	GlobalSection(ProjectConfigurationPlatforms) = postSolution
		{5696147F-A118-4928-99AE-88DE263B79E2}.Debug|Any CPU.ActiveCfg = Debug|Any CPU
		{5696147F-A118-4928-99AE-88DE263B79E2}.Debug|Any CPU.Build.0 = Debug|Any CPU
		{5696147F-A118-4928-99AE-88DE263B79E2}.Release|Any CPU.ActiveCfg = Release|Any CPU
		{5696147F-A118-4928-99AE-88DE263B79E2}.Release|Any CPU.Build.0 = Release|Any CPU
	EndGlobalSection
	GlobalSection(SolutionProperties) = preSolution
		HideSolutionNode = FALSE
	EndGlobalSection
	GlobalSection(ExtensibilityGlobals) = postSolution
		SolutionGuid = {0120411C-09FE-4650-A77E-5BAA2EE7A28A}
	EndGlobalSection
EndGlobal
